
Microsoft Visual Studio Solution File, Format Version 12.00
# Visual Studio Version 16
VisualStudioVersion = 16.0.31702.278
MinimumVisualStudioVersion = 10.0.40219.1
Project("{FAE04EC0-301F-11D3-BF4B-00C04F79EFBC}") = "AutoLotApp", "AutoLotApp\AutoLotApp.csproj", "{02861B1A-07CA-4304-919D-AF6940847B70}"
EndProject
Global
	GlobalSection(SolutionConfigurationPlatforms) = preSolution
		Debug|Any CPU = Debug|Any CPU
		Release|Any CPU = Release|Any CPU
	EndGlobalSection
	GlobalSection(ProjectConfigurationPlatforms) = postSolution
		{02861B1A-07CA-4304-919D-AF6940847B70}.Debug|Any CPU.ActiveCfg = Debug|Any CPU
		{02861B1A-07CA-4304-919D-AF6940847B70}.Debug|Any CPU.Build.0 = Debug|Any CPU
		{02861B1A-07CA-4304-919D-AF6940847B70}.Release|Any CPU.ActiveCfg = Release|Any CPU
		{02861B1A-07CA-4304-919D-AF6940847B70}.Release|Any CPU.Build.0 = Release|Any CPU
	EndGlobalSection
	GlobalSection(SolutionProperties) = preSolution
		HideSolutionNode = FALSE
	EndGlobalSection
	GlobalSection(ExtensibilityGlobals) = postSolution
		SolutionGuid = {3CF9C89A-439A-44AC-9E28-D10FC9C96AEE}
	EndGlobalSection
EndGlobal
